// !$*UTF8*$!
{
	archiveVersion = 1;
	classes = {
	};
	objectVersion = 77;
	objects = {

/* Begin PBXBuildFile section */
		00286AB6B71F4B8B4B1DF610 /* SettingsLayoutRows.swift in Sources */ = {isa = PBXBuildFile; fileRef = 47C2832C89D8FC39CBD1B9E9 /* SettingsLayoutRows.swift */; };
		00D8C65F6BC6001356A0C7D1 /* DatabaseStoreTests.swift in Sources */ = {isa = PBXBuildFile; fileRef = C2B648C0359BA9D1072C5AB7 /* DatabaseStoreTests.swift */; };
		0A975239F9DE6BA8D276DCB5 /* FeatureCompletionTests.swift in Sources */ = {isa = PBXBuildFile; fileRef = 5F1E3A67673DB71739C8CE8D /* FeatureCompletionTests.swift */; };
		0AD7259E9019530F1F443781 /* EvidenceReviewTableModelsTests.swift in Sources */ = {isa = PBXBuildFile; fileRef = CCE08E0AA6BAA261FCBDBF8C /* EvidenceReviewTableModelsTests.swift */; };
		0CAD5DE16AB41D5FEC900BF6 /* TestSupport.swift in Sources */ = {isa = PBXBuildFile; fileRef = 1B868185145383AC94AD161F /* TestSupport.swift */; };
		0F406771B516A94A398EA9AA /* SettingsRootView.swift in Sources */ = {isa = PBXBuildFile; fileRef = 5D684506393797F240E731AA /* SettingsRootView.swift */; };
		10970291DC9FC204BDC30DBB /* AuditTypes.swift in Sources */ = {isa = PBXBuildFile; fileRef = AF37FB99D953410663C49E8A /* AuditTypes.swift */; };
		127CC905AA3111E18E295DD2 /* PitcherPlantCommands.swift in Sources */ = {isa = PBXBuildFile; fileRef = AE04FBF480A6296285FC313E /* PitcherPlantCommands.swift */; };
		138BD38561399E8ADF48CA11 /* ReportsWindowView.swift in Sources */ = {isa = PBXBuildFile; fileRef = A3BD2EB5398BC6FA45FFE4EB /* ReportsWindowView.swift */; };
		165BFA68924490812A106325 /* AnalyzerTests.swift in Sources */ = {isa = PBXBuildFile; fileRef = 87E368BB66F8C9946724E4F4 /* AnalyzerTests.swift */; };
		1705B2991572DD3C65098E85 /* MainWindowSupport.swift in Sources */ = {isa = PBXBuildFile; fileRef = CA73A59BEE30962F5D0EECD0 /* MainWindowSupport.swift */; };
		1ACF06AC04A048D82A0B30CB /* AppVersionInfo.swift in Sources */ = {isa = PBXBuildFile; fileRef = 54162EA7478EAFCCE88C5709 /* AppVersionInfo.swift */; };
		1B17F3120D231966A4CD3BB9 /* PitcherPlantMenuBarView.swift in Sources */ = {isa = PBXBuildFile; fileRef = 49FE455BEF863D8F1AD2DF2B /* PitcherPlantMenuBarView.swift */; };
		20E832FF85AE3A044C5AD3DD /* ReportInspectorViews.swift in Sources */ = {isa = PBXBuildFile; fileRef = D7C73FC68D60FC392E1AF947 /* ReportInspectorViews.swift */; };
		226949DD41EEA8D356BA06BA /* AuditRunner.swift in Sources */ = {isa = PBXBuildFile; fileRef = FDB265F6090B7FE8324A83B2 /* AuditRunner.swift */; };
		22E8AEE623DBC02AA53B1D3B /* PitcherPlantDesktopApp.swift in Sources */ = {isa = PBXBuildFile; fileRef = D8B20F825AD69CF5EE6BF033 /* PitcherPlantDesktopApp.swift */; };
		24C50850B6CD8930366B420A /* DocumentFeatureServices.swift in Sources */ = {isa = PBXBuildFile; fileRef = 2BF5286158F29340E1E4F13F /* DocumentFeatureServices.swift */; };
		2745C83C6E25BEB0F88E3D31 /* ConfigurationTests.swift in Sources */ = {isa = PBXBuildFile; fileRef = 2D1598F773B8C1D4DA90933C /* ConfigurationTests.swift */; };
		29B10A38696C22E14DFF5A2E /* ReportFiltering.swift in Sources */ = {isa = PBXBuildFile; fileRef = 469A6C23D8D6999877D42361 /* ReportFiltering.swift */; };
		2BF9132252AD42859B45D948 /* AppUpdater.swift in Sources */ = {isa = PBXBuildFile; fileRef = B2CF5CBBCE4E8AB4B461B9D8 /* AppUpdater.swift */; };
		39915228C43CDE97E8DF349B /* GRDB in Frameworks */ = {isa = PBXBuildFile; productRef = 5FDA8BDEA269DDEDB1B90303 /* GRDB */; };
		3998778E910006CACEEA8015 /* AuditAssistantService.swift in Sources */ = {isa = PBXBuildFile; fileRef = 0B59D55EEF09CA40FD3B0473 /* AuditAssistantService.swift */; };
		39F8C94B08952D4D59F36A98 /* ReportModels.swift in Sources */ = {isa = PBXBuildFile; fileRef = E18F48FACAE380029052976A /* ReportModels.swift */; };
		3A7C68DB36662C6B77BAAA4B /* Analyzers.swift in Sources */ = {isa = PBXBuildFile; fileRef = 46E967429993B20181020800 /* Analyzers.swift */; };
		3C6D45C86E93BDC203DF4CFD /* SettingsFieldRows.swift in Sources */ = {isa = PBXBuildFile; fileRef = D074674D9EB564CE2FD4A18E /* SettingsFieldRows.swift */; };
		3DC144FBB9A52B5056215045 /* WhitelistSuggestionService.swift in Sources */ = {isa = PBXBuildFile; fileRef = C79E645A6C7781236050A786 /* WhitelistSuggestionService.swift */; };
		4266DF7DD0F054BE78C64008 /* NativeToolbarSupport.swift in Sources */ = {isa = PBXBuildFile; fileRef = DBB55A314F8FAD2F30606AD3 /* NativeToolbarSupport.swift */; };
		4707954688F4D3EF639402B0 /* CrossBatchGraph.swift in Sources */ = {isa = PBXBuildFile; fileRef = 40A1EA69ED1A74B7F9DC91AA /* CrossBatchGraph.swift */; };
		52F05F122239396D7264B963 /* Sparkle in Frameworks */ = {isa = PBXBuildFile; productRef = D673FE8D6282EE7380206D3C /* Sparkle */; };
		55FB9244B5B59426F4080EF9 /* MainWindowLayoutPolicy.swift in Sources */ = {isa = PBXBuildFile; fileRef = 33E047B895AB3D17E261D2AD /* MainWindowLayoutPolicy.swift */; };
		56E47645240E1C3E3D032F1B /* Typography.swift in Sources */ = {isa = PBXBuildFile; fileRef = 65239D837F7125DDE36465A7 /* Typography.swift */; };
		5A1BDC7815064C75F1281B3D /* EvidenceReviewTableModels.swift in Sources */ = {isa = PBXBuildFile; fileRef = 0F94AF6A27D6A9120BD939C2 /* EvidenceReviewTableModels.swift */; };
		5ABE317374EE212C9D507DD2 /* ReportExporter.swift in Sources */ = {isa = PBXBuildFile; fileRef = 58D12DF8783F55B02E4AD0E1 /* ReportExporter.swift */; };
		5D125E012649B55D4C9FF41E /* EvidenceReviewTableView.swift in Sources */ = {isa = PBXBuildFile; fileRef = 7F860CDE2440435797FC27D6 /* EvidenceReviewTableView.swift */; };
		5EFE25EEC256A6780006F171 /* SettingsStyles.swift in Sources */ = {isa = PBXBuildFile; fileRef = 3C41049ABF3348F1AB4240F0 /* SettingsStyles.swift */; };
		6470E071E62B237D2C06A4DA /* AppSettings.swift in Sources */ = {isa = PBXBuildFile; fileRef = C48B2A6AD8AB4857937A22C1 /* AppSettings.swift */; };
		682ADA20FAF91F229D48F5F6 /* manifest.json in Resources */ = {isa = PBXBuildFile; fileRef = C60211847CA8DEE8FF1505BE /* manifest.json */; };
		7043F8D0CD6A46C9BBA02DFC /* EvidenceModels.swift in Sources */ = {isa = PBXBuildFile; fileRef = A4D24A1F69026B8E6BD26390 /* EvidenceModels.swift */; };
		71006994939884A238594E43 /* IngestionTests.swift in Sources */ = {isa = PBXBuildFile; fileRef = 6EF4E6E6E579AA134A9F2ECA /* IngestionTests.swift */; };
		77B4149FC7503861A643DC86 /* SubmissionImportService.swift in Sources */ = {isa = PBXBuildFile; fileRef = F867ABCAB9841702E45A8ED6 /* SubmissionImportService.swift */; };
		883758DBCF481F3F0B506021 /* AuditAssistantServiceTests.swift in Sources */ = {isa = PBXBuildFile; fileRef = C1DBA3FB27C0DBB6FD0CF02E /* AuditAssistantServiceTests.swift */; };
		8BD430020DC85D148FE017ED /* AppIcon.icon in Resources */ = {isa = PBXBuildFile; fileRef = 70FC071922DC2A6E2A85216E /* AppIcon.icon */; };
		90D374EE1E2E53C657D1160D /* PerformanceTests.swift in Sources */ = {isa = PBXBuildFile; fileRef = 0C20A6066A3B74F762C42CC5 /* PerformanceTests.swift */; };
		91E3189638D8EA88F3374F2E /* AppLanguageRuntime.swift in Sources */ = {isa = PBXBuildFile; fileRef = C0077A2477913DE8C18A314C /* AppLanguageRuntime.swift */; };
		98DE64515B06BE1B5C699A83 /* AuditRunnerTests.swift in Sources */ = {isa = PBXBuildFile; fileRef = 3AD2E67D50B0F544A1D66DC5 /* AuditRunnerTests.swift */; };
		9950850D1592B574A5CEF5A0 /* CalibrationTests.swift in Sources */ = {isa = PBXBuildFile; fileRef = C55F280A91A1EC656EFC628D /* CalibrationTests.swift */; };
		99B21CBE6ADB25B1A6418BC7 /* LibraryViews.swift in Sources */ = {isa = PBXBuildFile; fileRef = 4AA176FFC61F4E3C6C10B4E3 /* LibraryViews.swift */; };
		9A750B986ADE1C83E367C40F /* MainWindowComponents.swift in Sources */ = {isa = PBXBuildFile; fileRef = 0CD6CFB7867CA320594D54D0 /* MainWindowComponents.swift */; };
		9AAB9C491ACC74A03100126A /* LocalizationStrings.swift in Sources */ = {isa = PBXBuildFile; fileRef = 226DC10D014769BA6202F5F1 /* LocalizationStrings.swift */; };
		A9877B41DEDB088E662693E3 /* UpdateCheckService.swift in Sources */ = {isa = PBXBuildFile; fileRef = 969F504AC9859052B775BCE4 /* UpdateCheckService.swift */; };
		AB060F2E927A6B7D3EF93A98 /* FingerprintPackageService.swift in Sources */ = {isa = PBXBuildFile; fileRef = B1F11DC3C1E84F493B744720 /* FingerprintPackageService.swift */; };
		AB791E8CB46CABA14F0BDF80 /* ReportTests.swift in Sources */ = {isa = PBXBuildFile; fileRef = FF185EAF13D14CD89DE1EE77 /* ReportTests.swift */; };
		AE3D0720FBDD4DB7414A48BE /* CalibrationManifestLocator.swift in Sources */ = {isa = PBXBuildFile; fileRef = 263D7416154FC5E6E65F15F2 /* CalibrationManifestLocator.swift */; };
		B22A7F68CB8FDB3A33014F50 /* ReportContentViews.swift in Sources */ = {isa = PBXBuildFile; fileRef = 1342BBB0BBCB3DD148519EEA /* ReportContentViews.swift */; };
		B265FE7BFDC6A7FD77963AF7 /* Localizable.xcstrings in Resources */ = {isa = PBXBuildFile; fileRef = 66BD2172991DB0803156344E /* Localizable.xcstrings */; };
		B6493DB2EA73BC22433270F0 /* AppState.swift in Sources */ = {isa = PBXBuildFile; fileRef = 360E2A6F9482BC2AE7C2124F /* AppState.swift */; };
		C3466F19787FE89261DBBA0E /* ReportLibraryViews.swift in Sources */ = {isa = PBXBuildFile; fileRef = 1EC9DF6DC71D33650881A59A /* ReportLibraryViews.swift */; };
		C36B9E394B99C9D4236758E7 /* WhitelistEvaluationService.swift in Sources */ = {isa = PBXBuildFile; fileRef = 1644FA61B6AAC6927C0FCC0B /* WhitelistEvaluationService.swift */; };
		CA9A7DE20AA2E6520FEC30D3 /* FullCompletionTests.swift in Sources */ = {isa = PBXBuildFile; fileRef = 7D48DBF219033E310548945A /* FullCompletionTests.swift */; };
		CC646EB1A213156915356D50 /* MainWindowRows.swift in Sources */ = {isa = PBXBuildFile; fileRef = 370EFCF9DB94DFCAC5CE31F2 /* MainWindowRows.swift */; };
		CCD5A11531FA1F623359DC55 /* ReportAssembler.swift in Sources */ = {isa = PBXBuildFile; fileRef = EFDDCDC96DC50EA13344FF89 /* ReportAssembler.swift */; };
		CDD91EEEA2866EA14573EDF1 /* DatabaseStore.swift in Sources */ = {isa = PBXBuildFile; fileRef = 94E86405322D0D8F372EF4FF /* DatabaseStore.swift */; };
		D0C6CFF3D16216B53B687BE0 /* Theme.swift in Sources */ = {isa = PBXBuildFile; fileRef = 39088A4183CFB4929068ABFF /* Theme.swift */; };
		D176E1EB74E4E9B350B4B40C /* EnvironmentSupport.swift in Sources */ = {isa = PBXBuildFile; fileRef = EB7D836E4BAE584D68A8771F /* EnvironmentSupport.swift */; };
		D6A8F07ABA7DCA913AAB29A7 /* CalibrationService.swift in Sources */ = {isa = PBXBuildFile; fileRef = BF482170D66DA0B21E1752B4 /* CalibrationService.swift */; };
		D70398E215333FD0C9432C9F /* WorkspaceDashboardView.swift in Sources */ = {isa = PBXBuildFile; fileRef = B1D904B478A4010745FF5C7A /* WorkspaceDashboardView.swift */; };
		DE268C489FBA6E36A3939F2D /* AuditModels.swift in Sources */ = {isa = PBXBuildFile; fileRef = 892ED664C219F3B9AD3C6D6D /* AuditModels.swift */; };
		E0968ED079E63D82CBBD2EF8 /* SettingsPathControls.swift in Sources */ = {isa = PBXBuildFile; fileRef = 7C1FB0D5C276B9F29035D603 /* SettingsPathControls.swift */; };
		E5E7CD8F82E84E1FA32492B7 /* MainWindowView.swift in Sources */ = {isa = PBXBuildFile; fileRef = 4BF556CB79EA2D6CC23D09D3 /* MainWindowView.swift */; };
		EB978413ACAFF19E25F60F43 /* MainWindowLayoutPolicyTests.swift in Sources */ = {isa = PBXBuildFile; fileRef = A9920B15577B6AF19E4F99DB /* MainWindowLayoutPolicyTests.swift */; };
		EBD10FD19F018821B3388B60 /* DocumentIngestionService.swift in Sources */ = {isa = PBXBuildFile; fileRef = 36C76AC3AE5F9E1383B33A47 /* DocumentIngestionService.swift */; };
		ED3D885DE9359848D43F766A /* AppSurfaces.swift in Sources */ = {isa = PBXBuildFile; fileRef = 5FBCED859014E14410FBCAD4 /* AppSurfaces.swift */; };
		F0176621EE42DE8D28B7D2B6 /* ZIPFoundation in Frameworks */ = {isa = PBXBuildFile; productRef = 90FE11504ED417A4E3BBAA83 /* ZIPFoundation */; };
		F0B691414CEE4B6A29F91BF1 /* Assets.xcassets in Resources */ = {isa = PBXBuildFile; fileRef = E02E2A9EBDD61AF8EB8A15FF /* Assets.xcassets */; };
		F1A878A00C3BEFFEF681EEAA /* RiskScoringService.swift in Sources */ = {isa = PBXBuildFile; fileRef = F7DA4CA8CFCADE5C515DD9F6 /* RiskScoringService.swift */; };
		FBA74A22AABB1FAACB9DD17D /* AuditUtilities.swift in Sources */ = {isa = PBXBuildFile; fileRef = 0908B84895674E2537403E7B /* AuditUtilities.swift */; };
		FBC3CEC20A53CD650365B9A5 /* manifest.json in Resources */ = {isa = PBXBuildFile; fileRef = 8CFF84D680102FF58220B3FC /* manifest.json */; };
/* End PBXBuildFile section */

/* Begin PBXContainerItemProxy section */
		B6A7F0B0CD7844BF7ADE0231 /* PBXContainerItemProxy */ = {
			isa = PBXContainerItemProxy;
			containerPortal = 9F7EC9D04A410607754EB7F0 /* Project object */;
			proxyType = 1;
			remoteGlobalIDString = 6DA4D11FDB2D50FA84192ADC;
			remoteInfo = PitcherPlantApp;
		};
/* End PBXContainerItemProxy section */

/* Begin PBXFileReference section */
		0908B84895674E2537403E7B /* AuditUtilities.swift */ = {isa = PBXFileReference; lastKnownFileType = sourcecode.swift; path = AuditUtilities.swift; sourceTree = "<group>"; };
		0B59D55EEF09CA40FD3B0473 /* AuditAssistantService.swift */ = {isa = PBXFileReference; lastKnownFileType = sourcecode.swift; path = AuditAssistantService.swift; sourceTree = "<group>"; };
		0C20A6066A3B74F762C42CC5 /* PerformanceTests.swift */ = {isa = PBXFileReference; lastKnownFileType = sourcecode.swift; path = PerformanceTests.swift; sourceTree = "<group>"; };
		0CD6CFB7867CA320594D54D0 /* MainWindowComponents.swift */ = {isa = PBXFileReference; lastKnownFileType = sourcecode.swift; path = MainWindowComponents.swift; sourceTree = "<group>"; };
		0F94AF6A27D6A9120BD939C2 /* EvidenceReviewTableModels.swift */ = {isa = PBXFileReference; lastKnownFileType = sourcecode.swift; path = EvidenceReviewTableModels.swift; sourceTree = "<group>"; };
		1342BBB0BBCB3DD148519EEA /* ReportContentViews.swift */ = {isa = PBXFileReference; lastKnownFileType = sourcecode.swift; path = ReportContentViews.swift; sourceTree = "<group>"; };
		1644FA61B6AAC6927C0FCC0B /* WhitelistEvaluationService.swift */ = {isa = PBXFileReference; lastKnownFileType = sourcecode.swift; path = WhitelistEvaluationService.swift; sourceTree = "<group>"; };
		1B868185145383AC94AD161F /* TestSupport.swift */ = {isa = PBXFileReference; lastKnownFileType = sourcecode.swift; path = TestSupport.swift; sourceTree = "<group>"; };
		1EC9DF6DC71D33650881A59A /* ReportLibraryViews.swift */ = {isa = PBXFileReference; lastKnownFileType = sourcecode.swift; path = ReportLibraryViews.swift; sourceTree = "<group>"; };
		2092DD6866F25F2D4AA56877 /* PitcherPlantApp.app */ = {isa = PBXFileReference; explicitFileType = wrapper.application; includeInIndex = 0; path = PitcherPlantApp.app; sourceTree = BUILT_PRODUCTS_DIR; };
		226DC10D014769BA6202F5F1 /* LocalizationStrings.swift */ = {isa = PBXFileReference; lastKnownFileType = sourcecode.swift; path = LocalizationStrings.swift; sourceTree = "<group>"; };
		263D7416154FC5E6E65F15F2 /* CalibrationManifestLocator.swift */ = {isa = PBXFileReference; lastKnownFileType = sourcecode.swift; path = CalibrationManifestLocator.swift; sourceTree = "<group>"; };
		2BF5286158F29340E1E4F13F /* DocumentFeatureServices.swift */ = {isa = PBXFileReference; lastKnownFileType = sourcecode.swift; path = DocumentFeatureServices.swift; sourceTree = "<group>"; };
		2D1598F773B8C1D4DA90933C /* ConfigurationTests.swift */ = {isa = PBXFileReference; lastKnownFileType = sourcecode.swift; path = ConfigurationTests.swift; sourceTree = "<group>"; };
		33E047B895AB3D17E261D2AD /* MainWindowLayoutPolicy.swift */ = {isa = PBXFileReference; lastKnownFileType = sourcecode.swift; path = MainWindowLayoutPolicy.swift; sourceTree = "<group>"; };
		360E2A6F9482BC2AE7C2124F /* AppState.swift */ = {isa = PBXFileReference; lastKnownFileType = sourcecode.swift; path = AppState.swift; sourceTree = "<group>"; };
		36C76AC3AE5F9E1383B33A47 /* DocumentIngestionService.swift */ = {isa = PBXFileReference; lastKnownFileType = sourcecode.swift; path = DocumentIngestionService.swift; sourceTree = "<group>"; };
		370EFCF9DB94DFCAC5CE31F2 /* MainWindowRows.swift */ = {isa = PBXFileReference; lastKnownFileType = sourcecode.swift; path = MainWindowRows.swift; sourceTree = "<group>"; };
		39088A4183CFB4929068ABFF /* Theme.swift */ = {isa = PBXFileReference; lastKnownFileType = sourcecode.swift; path = Theme.swift; sourceTree = "<group>"; };
		3AD2E67D50B0F544A1D66DC5 /* AuditRunnerTests.swift */ = {isa = PBXFileReference; lastKnownFileType = sourcecode.swift; path = AuditRunnerTests.swift; sourceTree = "<group>"; };
		3C41049ABF3348F1AB4240F0 /* SettingsStyles.swift */ = {isa = PBXFileReference; lastKnownFileType = sourcecode.swift; path = SettingsStyles.swift; sourceTree = "<group>"; };
		40A1EA69ED1A74B7F9DC91AA /* CrossBatchGraph.swift */ = {isa = PBXFileReference; lastKnownFileType = sourcecode.swift; path = CrossBatchGraph.swift; sourceTree = "<group>"; };
		469A6C23D8D6999877D42361 /* ReportFiltering.swift */ = {isa = PBXFileReference; lastKnownFileType = sourcecode.swift; path = ReportFiltering.swift; sourceTree = "<group>"; };
		46E967429993B20181020800 /* Analyzers.swift */ = {isa = PBXFileReference; lastKnownFileType = sourcecode.swift; path = Analyzers.swift; sourceTree = "<group>"; };
		47C2832C89D8FC39CBD1B9E9 /* SettingsLayoutRows.swift */ = {isa = PBXFileReference; lastKnownFileType = sourcecode.swift; path = SettingsLayoutRows.swift; sourceTree = "<group>"; };
		49FE455BEF863D8F1AD2DF2B /* PitcherPlantMenuBarView.swift */ = {isa = PBXFileReference; lastKnownFileType = sourcecode.swift; path = PitcherPlantMenuBarView.swift; sourceTree = "<group>"; };
		4AA176FFC61F4E3C6C10B4E3 /* LibraryViews.swift */ = {isa = PBXFileReference; lastKnownFileType = sourcecode.swift; path = LibraryViews.swift; sourceTree = "<group>"; };
		4BF556CB79EA2D6CC23D09D3 /* MainWindowView.swift */ = {isa = PBXFileReference; lastKnownFileType = sourcecode.swift; path = MainWindowView.swift; sourceTree = "<group>"; };
		54162EA7478EAFCCE88C5709 /* AppVersionInfo.swift */ = {isa = PBXFileReference; lastKnownFileType = sourcecode.swift; path = AppVersionInfo.swift; sourceTree = "<group>"; };
		58D12DF8783F55B02E4AD0E1 /* ReportExporter.swift */ = {isa = PBXFileReference; lastKnownFileType = sourcecode.swift; path = ReportExporter.swift; sourceTree = "<group>"; };
		5D684506393797F240E731AA /* SettingsRootView.swift */ = {isa = PBXFileReference; lastKnownFileType = sourcecode.swift; path = SettingsRootView.swift; sourceTree = "<group>"; };
		5F1E3A67673DB71739C8CE8D /* FeatureCompletionTests.swift */ = {isa = PBXFileReference; lastKnownFileType = sourcecode.swift; path = FeatureCompletionTests.swift; sourceTree = "<group>"; };
		5FBCED859014E14410FBCAD4 /* AppSurfaces.swift */ = {isa = PBXFileReference; lastKnownFileType = sourcecode.swift; path = AppSurfaces.swift; sourceTree = "<group>"; };
		65239D837F7125DDE36465A7 /* Typography.swift */ = {isa = PBXFileReference; lastKnownFileType = sourcecode.swift; path = Typography.swift; sourceTree = "<group>"; };
		66BD2172991DB0803156344E /* Localizable.xcstrings */ = {isa = PBXFileReference; lastKnownFileType = text.json.xcstrings; path = Localizable.xcstrings; sourceTree = "<group>"; };
		6EF4E6E6E579AA134A9F2ECA /* IngestionTests.swift */ = {isa = PBXFileReference; lastKnownFileType = sourcecode.swift; path = IngestionTests.swift; sourceTree = "<group>"; };
		70FC071922DC2A6E2A85216E /* AppIcon.icon */ = {isa = PBXFileReference; lastKnownFileType = wrapper.icon; path = AppIcon.icon; sourceTree = "<group>"; };
		7C1FB0D5C276B9F29035D603 /* SettingsPathControls.swift */ = {isa = PBXFileReference; lastKnownFileType = sourcecode.swift; path = SettingsPathControls.swift; sourceTree = "<group>"; };
		7D48DBF219033E310548945A /* FullCompletionTests.swift */ = {isa = PBXFileReference; lastKnownFileType = sourcecode.swift; path = FullCompletionTests.swift; sourceTree = "<group>"; };
		7F860CDE2440435797FC27D6 /* EvidenceReviewTableView.swift */ = {isa = PBXFileReference; lastKnownFileType = sourcecode.swift; path = EvidenceReviewTableView.swift; sourceTree = "<group>"; };
		87E368BB66F8C9946724E4F4 /* AnalyzerTests.swift */ = {isa = PBXFileReference; lastKnownFileType = sourcecode.swift; path = AnalyzerTests.swift; sourceTree = "<group>"; };
		892ED664C219F3B9AD3C6D6D /* AuditModels.swift */ = {isa = PBXFileReference; lastKnownFileType = sourcecode.swift; path = AuditModels.swift; sourceTree = "<group>"; };
		8CFF84D680102FF58220B3FC /* manifest.json */ = {isa = PBXFileReference; lastKnownFileType = text.json; path = manifest.json; sourceTree = "<group>"; };
		94E86405322D0D8F372EF4FF /* DatabaseStore.swift */ = {isa = PBXFileReference; lastKnownFileType = sourcecode.swift; path = DatabaseStore.swift; sourceTree = "<group>"; };
		969F504AC9859052B775BCE4 /* UpdateCheckService.swift */ = {isa = PBXFileReference; lastKnownFileType = sourcecode.swift; path = UpdateCheckService.swift; sourceTree = "<group>"; };
		A3BD2EB5398BC6FA45FFE4EB /* ReportsWindowView.swift */ = {isa = PBXFileReference; lastKnownFileType = sourcecode.swift; path = ReportsWindowView.swift; sourceTree = "<group>"; };
		A4D24A1F69026B8E6BD26390 /* EvidenceModels.swift */ = {isa = PBXFileReference; lastKnownFileType = sourcecode.swift; path = EvidenceModels.swift; sourceTree = "<group>"; };
		A9920B15577B6AF19E4F99DB /* MainWindowLayoutPolicyTests.swift */ = {isa = PBXFileReference; lastKnownFileType = sourcecode.swift; path = MainWindowLayoutPolicyTests.swift; sourceTree = "<group>"; };
		AE04FBF480A6296285FC313E /* PitcherPlantCommands.swift */ = {isa = PBXFileReference; lastKnownFileType = sourcecode.swift; path = PitcherPlantCommands.swift; sourceTree = "<group>"; };
		AF37FB99D953410663C49E8A /* AuditTypes.swift */ = {isa = PBXFileReference; lastKnownFileType = sourcecode.swift; path = AuditTypes.swift; sourceTree = "<group>"; };
		B1D904B478A4010745FF5C7A /* WorkspaceDashboardView.swift */ = {isa = PBXFileReference; lastKnownFileType = sourcecode.swift; path = WorkspaceDashboardView.swift; sourceTree = "<group>"; };
		B1F11DC3C1E84F493B744720 /* FingerprintPackageService.swift */ = {isa = PBXFileReference; lastKnownFileType = sourcecode.swift; path = FingerprintPackageService.swift; sourceTree = "<group>"; };
		B243A89073978EF52F2CE854 /* PitcherPlantAppTests.xctest */ = {isa = PBXFileReference; explicitFileType = wrapper.cfbundle; includeInIndex = 0; path = PitcherPlantAppTests.xctest; sourceTree = BUILT_PRODUCTS_DIR; };
		B2CF5CBBCE4E8AB4B461B9D8 /* AppUpdater.swift */ = {isa = PBXFileReference; lastKnownFileType = sourcecode.swift; path = AppUpdater.swift; sourceTree = "<group>"; };
		BF482170D66DA0B21E1752B4 /* CalibrationService.swift */ = {isa = PBXFileReference; lastKnownFileType = sourcecode.swift; path = CalibrationService.swift; sourceTree = "<group>"; };
		C0077A2477913DE8C18A314C /* AppLanguageRuntime.swift */ = {isa = PBXFileReference; lastKnownFileType = sourcecode.swift; path = AppLanguageRuntime.swift; sourceTree = "<group>"; };
		C1DBA3FB27C0DBB6FD0CF02E /* AuditAssistantServiceTests.swift */ = {isa = PBXFileReference; lastKnownFileType = sourcecode.swift; path = AuditAssistantServiceTests.swift; sourceTree = "<group>"; };
		C2B648C0359BA9D1072C5AB7 /* DatabaseStoreTests.swift */ = {isa = PBXFileReference; lastKnownFileType = sourcecode.swift; path = DatabaseStoreTests.swift; sourceTree = "<group>"; };
		C48B2A6AD8AB4857937A22C1 /* AppSettings.swift */ = {isa = PBXFileReference; lastKnownFileType = sourcecode.swift; path = AppSettings.swift; sourceTree = "<group>"; };
		C55F280A91A1EC656EFC628D /* CalibrationTests.swift */ = {isa = PBXFileReference; lastKnownFileType = sourcecode.swift; path = CalibrationTests.swift; sourceTree = "<group>"; };
		C60211847CA8DEE8FF1505BE /* manifest.json */ = {isa = PBXFileReference; lastKnownFileType = text.json; path = manifest.json; sourceTree = "<group>"; };
		C79E645A6C7781236050A786 /* WhitelistSuggestionService.swift */ = {isa = PBXFileReference; lastKnownFileType = sourcecode.swift; path = WhitelistSuggestionService.swift; sourceTree = "<group>"; };
		CA73A59BEE30962F5D0EECD0 /* MainWindowSupport.swift */ = {isa = PBXFileReference; lastKnownFileType = sourcecode.swift; path = MainWindowSupport.swift; sourceTree = "<group>"; };
		CCE08E0AA6BAA261FCBDBF8C /* EvidenceReviewTableModelsTests.swift */ = {isa = PBXFileReference; lastKnownFileType = sourcecode.swift; path = EvidenceReviewTableModelsTests.swift; sourceTree = "<group>"; };
		D074674D9EB564CE2FD4A18E /* SettingsFieldRows.swift */ = {isa = PBXFileReference; lastKnownFileType = sourcecode.swift; path = SettingsFieldRows.swift; sourceTree = "<group>"; };
		D7C73FC68D60FC392E1AF947 /* ReportInspectorViews.swift */ = {isa = PBXFileReference; lastKnownFileType = sourcecode.swift; path = ReportInspectorViews.swift; sourceTree = "<group>"; };
		D8B20F825AD69CF5EE6BF033 /* PitcherPlantDesktopApp.swift */ = {isa = PBXFileReference; lastKnownFileType = sourcecode.swift; path = PitcherPlantDesktopApp.swift; sourceTree = "<group>"; };
		DBB55A314F8FAD2F30606AD3 /* NativeToolbarSupport.swift */ = {isa = PBXFileReference; lastKnownFileType = sourcecode.swift; path = NativeToolbarSupport.swift; sourceTree = "<group>"; };
		E02E2A9EBDD61AF8EB8A15FF /* Assets.xcassets */ = {isa = PBXFileReference; lastKnownFileType = folder.assetcatalog; path = Assets.xcassets; sourceTree = "<group>"; };
		E18F48FACAE380029052976A /* ReportModels.swift */ = {isa = PBXFileReference; lastKnownFileType = sourcecode.swift; path = ReportModels.swift; sourceTree = "<group>"; };
		EB7D836E4BAE584D68A8771F /* EnvironmentSupport.swift */ = {isa = PBXFileReference; lastKnownFileType = sourcecode.swift; path = EnvironmentSupport.swift; sourceTree = "<group>"; };
		EFDDCDC96DC50EA13344FF89 /* ReportAssembler.swift */ = {isa = PBXFileReference; lastKnownFileType = sourcecode.swift; path = ReportAssembler.swift; sourceTree = "<group>"; };
		F7DA4CA8CFCADE5C515DD9F6 /* RiskScoringService.swift */ = {isa = PBXFileReference; lastKnownFileType = sourcecode.swift; path = RiskScoringService.swift; sourceTree = "<group>"; };
		F867ABCAB9841702E45A8ED6 /* SubmissionImportService.swift */ = {isa = PBXFileReference; lastKnownFileType = sourcecode.swift; path = SubmissionImportService.swift; sourceTree = "<group>"; };
		FDB265F6090B7FE8324A83B2 /* AuditRunner.swift */ = {isa = PBXFileReference; lastKnownFileType = sourcecode.swift; path = AuditRunner.swift; sourceTree = "<group>"; };
		FF185EAF13D14CD89DE1EE77 /* ReportTests.swift */ = {isa = PBXFileReference; lastKnownFileType = sourcecode.swift; path = ReportTests.swift; sourceTree = "<group>"; };
/* End PBXFileReference section */

/* Begin PBXFrameworksBuildPhase section */
		8886ADC7AEC857AD4FAF3771 /* Frameworks */ = {
			isa = PBXFrameworksBuildPhase;
			buildActionMask = 2147483647;
			files = (
				39915228C43CDE97E8DF349B /* GRDB in Frameworks */,
				F0176621EE42DE8D28B7D2B6 /* ZIPFoundation in Frameworks */,
				52F05F122239396D7264B963 /* Sparkle in Frameworks */,
			);
			runOnlyForDeploymentPostprocessing = 0;
		};
/* End PBXFrameworksBuildPhase section */

/* Begin PBXGroup section */
		0C319633D0B201FF2CEDE929 = {
			isa = PBXGroup;
			children = (
				9119E2D8ED5123D4C02094EF /* Resources */,
				B059A651201FBB74088F3760 /* Sources */,
				465C2521851D4BECE7BB0207 /* Tests */,
				93F0CB0CFBDD74AF321AE8A3 /* Products */,
			);
			sourceTree = "<group>";
		};
		3DAEAA41D187AAED234DC9C0 /* Calibration */ = {
			isa = PBXGroup;
			children = (
				8CFF84D680102FF58220B3FC /* manifest.json */,
			);
			path = Calibration;
			sourceTree = "<group>";
		};
		465C2521851D4BECE7BB0207 /* Tests */ = {
			isa = PBXGroup;
			children = (
				B9AF07F187C30E04B4DF4AC9 /* PitcherPlantAppTests */,
			);
			path = Tests;
			sourceTree = "<group>";
		};
		64BCA9C89ADC3FDBBC5BC09D /* Reports */ = {
			isa = PBXGroup;
			children = (
				0F94AF6A27D6A9120BD939C2 /* EvidenceReviewTableModels.swift */,
				7F860CDE2440435797FC27D6 /* EvidenceReviewTableView.swift */,
				1342BBB0BBCB3DD148519EEA /* ReportContentViews.swift */,
				D7C73FC68D60FC392E1AF947 /* ReportInspectorViews.swift */,
				1EC9DF6DC71D33650881A59A /* ReportLibraryViews.swift */,
				A3BD2EB5398BC6FA45FFE4EB /* ReportsWindowView.swift */,
			);
			path = Reports;
			sourceTree = "<group>";
		};
		71583CE8820496F88C92075C /* calibration */ = {
			isa = PBXGroup;
			children = (
				C60211847CA8DEE8FF1505BE /* manifest.json */,
			);
			path = calibration;
			sourceTree = "<group>";
		};
		7476E14F95B1C7F12A199F2C /* PitcherPlantApp */ = {
			isa = PBXGroup;
			children = (
				7D96682232671E9F82D6474D /* App */,
				B3D1B2401F553AFBE27AECB9 /* Core */,
				90C805CB9677A01E6ADA76AA /* Features */,
				B3322E3359249DE2D3A5AD9B /* Models */,
				CC3C679942801A17A17B9B1A /* Persistence */,
				7BE2CBD0DD98D9DB3998C8E0 /* Support */,
			);
			path = PitcherPlantApp;
			sourceTree = "<group>";
		};
		7BE2CBD0DD98D9DB3998C8E0 /* Support */ = {
			isa = PBXGroup;
			children = (
				C0077A2477913DE8C18A314C /* AppLanguageRuntime.swift */,
				5FBCED859014E14410FBCAD4 /* AppSurfaces.swift */,
				54162EA7478EAFCCE88C5709 /* AppVersionInfo.swift */,
				263D7416154FC5E6E65F15F2 /* CalibrationManifestLocator.swift */,
				EB7D836E4BAE584D68A8771F /* EnvironmentSupport.swift */,
				226DC10D014769BA6202F5F1 /* LocalizationStrings.swift */,
				33E047B895AB3D17E261D2AD /* MainWindowLayoutPolicy.swift */,
				DBB55A314F8FAD2F30606AD3 /* NativeToolbarSupport.swift */,
				469A6C23D8D6999877D42361 /* ReportFiltering.swift */,
				39088A4183CFB4929068ABFF /* Theme.swift */,
				65239D837F7125DDE36465A7 /* Typography.swift */,
			);
			path = Support;
			sourceTree = "<group>";
		};
		7D96682232671E9F82D6474D /* App */ = {
			isa = PBXGroup;
			children = (
				360E2A6F9482BC2AE7C2124F /* AppState.swift */,
				AE04FBF480A6296285FC313E /* PitcherPlantCommands.swift */,
				D8B20F825AD69CF5EE6BF033 /* PitcherPlantDesktopApp.swift */,
			);
			path = App;
			sourceTree = "<group>";
		};
		8B69364012BE7875ACC75DF2 /* Fixtures */ = {
			isa = PBXGroup;
			children = (
				71583CE8820496F88C92075C /* calibration */,
			);
			path = Fixtures;
			sourceTree = "<group>";
		};
		90C805CB9677A01E6ADA76AA /* Features */ = {
			isa = PBXGroup;
			children = (
				ACE00DB85E226C1467B5825F /* MainWindow */,
				64BCA9C89ADC3FDBBC5BC09D /* Reports */,
				98275B26624A808BFC90CE04 /* Settings */,
			);
			path = Features;
			sourceTree = "<group>";
		};
		9119E2D8ED5123D4C02094EF /* Resources */ = {
			isa = PBXGroup;
			children = (
				70FC071922DC2A6E2A85216E /* AppIcon.icon */,
				E02E2A9EBDD61AF8EB8A15FF /* Assets.xcassets */,
				66BD2172991DB0803156344E /* Localizable.xcstrings */,
				3DAEAA41D187AAED234DC9C0 /* Calibration */,
			);
			path = Resources;
			sourceTree = "<group>";
		};
		93F0CB0CFBDD74AF321AE8A3 /* Products */ = {
			isa = PBXGroup;
			children = (
				2092DD6866F25F2D4AA56877 /* PitcherPlantApp.app */,
				B243A89073978EF52F2CE854 /* PitcherPlantAppTests.xctest */,
			);
			name = Products;
			sourceTree = "<group>";
		};
		98275B26624A808BFC90CE04 /* Settings */ = {
			isa = PBXGroup;
			children = (
				D074674D9EB564CE2FD4A18E /* SettingsFieldRows.swift */,
				47C2832C89D8FC39CBD1B9E9 /* SettingsLayoutRows.swift */,
				7C1FB0D5C276B9F29035D603 /* SettingsPathControls.swift */,
				5D684506393797F240E731AA /* SettingsRootView.swift */,
				3C41049ABF3348F1AB4240F0 /* SettingsStyles.swift */,
			);
			path = Settings;
			sourceTree = "<group>";
		};
		ACE00DB85E226C1467B5825F /* MainWindow */ = {
			isa = PBXGroup;
			children = (
				4AA176FFC61F4E3C6C10B4E3 /* LibraryViews.swift */,
				0CD6CFB7867CA320594D54D0 /* MainWindowComponents.swift */,
				370EFCF9DB94DFCAC5CE31F2 /* MainWindowRows.swift */,
				CA73A59BEE30962F5D0EECD0 /* MainWindowSupport.swift */,
				4BF556CB79EA2D6CC23D09D3 /* MainWindowView.swift */,
				49FE455BEF863D8F1AD2DF2B /* PitcherPlantMenuBarView.swift */,
				B1D904B478A4010745FF5C7A /* WorkspaceDashboardView.swift */,
			);
			path = MainWindow;
			sourceTree = "<group>";
		};
		B059A651201FBB74088F3760 /* Sources */ = {
			isa = PBXGroup;
			children = (
				7476E14F95B1C7F12A199F2C /* PitcherPlantApp */,
			);
			path = Sources;
			sourceTree = "<group>";
		};
		B3322E3359249DE2D3A5AD9B /* Models */ = {
			isa = PBXGroup;
			children = (
				C48B2A6AD8AB4857937A22C1 /* AppSettings.swift */,
				892ED664C219F3B9AD3C6D6D /* AuditModels.swift */,
				A4D24A1F69026B8E6BD26390 /* EvidenceModels.swift */,
				E18F48FACAE380029052976A /* ReportModels.swift */,
			);
			path = Models;
			sourceTree = "<group>";
		};
		B3D1B2401F553AFBE27AECB9 /* Core */ = {
			isa = PBXGroup;
			children = (
				46E967429993B20181020800 /* Analyzers.swift */,
				B2CF5CBBCE4E8AB4B461B9D8 /* AppUpdater.swift */,
				0B59D55EEF09CA40FD3B0473 /* AuditAssistantService.swift */,
				FDB265F6090B7FE8324A83B2 /* AuditRunner.swift */,
				AF37FB99D953410663C49E8A /* AuditTypes.swift */,
				0908B84895674E2537403E7B /* AuditUtilities.swift */,
				BF482170D66DA0B21E1752B4 /* CalibrationService.swift */,
				40A1EA69ED1A74B7F9DC91AA /* CrossBatchGraph.swift */,
				2BF5286158F29340E1E4F13F /* DocumentFeatureServices.swift */,
				36C76AC3AE5F9E1383B33A47 /* DocumentIngestionService.swift */,
				B1F11DC3C1E84F493B744720 /* FingerprintPackageService.swift */,
				EFDDCDC96DC50EA13344FF89 /* ReportAssembler.swift */,
				58D12DF8783F55B02E4AD0E1 /* ReportExporter.swift */,
				F7DA4CA8CFCADE5C515DD9F6 /* RiskScoringService.swift */,
				F867ABCAB9841702E45A8ED6 /* SubmissionImportService.swift */,
				969F504AC9859052B775BCE4 /* UpdateCheckService.swift */,
				1644FA61B6AAC6927C0FCC0B /* WhitelistEvaluationService.swift */,
				C79E645A6C7781236050A786 /* WhitelistSuggestionService.swift */,
			);
			path = Core;
			sourceTree = "<group>";
		};
		B9AF07F187C30E04B4DF4AC9 /* PitcherPlantAppTests */ = {
			isa = PBXGroup;
			children = (
				87E368BB66F8C9946724E4F4 /* AnalyzerTests.swift */,
				C1DBA3FB27C0DBB6FD0CF02E /* AuditAssistantServiceTests.swift */,
				3AD2E67D50B0F544A1D66DC5 /* AuditRunnerTests.swift */,
				C55F280A91A1EC656EFC628D /* CalibrationTests.swift */,
				2D1598F773B8C1D4DA90933C /* ConfigurationTests.swift */,
				C2B648C0359BA9D1072C5AB7 /* DatabaseStoreTests.swift */,
				CCE08E0AA6BAA261FCBDBF8C /* EvidenceReviewTableModelsTests.swift */,
				5F1E3A67673DB71739C8CE8D /* FeatureCompletionTests.swift */,
				7D48DBF219033E310548945A /* FullCompletionTests.swift */,
				6EF4E6E6E579AA134A9F2ECA /* IngestionTests.swift */,
				A9920B15577B6AF19E4F99DB /* MainWindowLayoutPolicyTests.swift */,
				0C20A6066A3B74F762C42CC5 /* PerformanceTests.swift */,
				FF185EAF13D14CD89DE1EE77 /* ReportTests.swift */,
				1B868185145383AC94AD161F /* TestSupport.swift */,
				8B69364012BE7875ACC75DF2 /* Fixtures */,
			);
			path = PitcherPlantAppTests;
			sourceTree = "<group>";
		};
		CC3C679942801A17A17B9B1A /* Persistence */ = {
			isa = PBXGroup;
			children = (
				94E86405322D0D8F372EF4FF /* DatabaseStore.swift */,
			);
			path = Persistence;
			sourceTree = "<group>";
		};
/* End PBXGroup section */

/* Begin PBXNativeTarget section */
		6DA4D11FDB2D50FA84192ADC /* PitcherPlantApp */ = {
			isa = PBXNativeTarget;
			buildConfigurationList = AC1F34028E3E390EBEE515EC /* Build configuration list for PBXNativeTarget "PitcherPlantApp" */;
			buildPhases = (
				7952386BA98B3F72406649FC /* Sources */,
				FA525773A1AA82BF3880A79D /* Resources */,
				8886ADC7AEC857AD4FAF3771 /* Frameworks */,
			);
			buildRules = (
			);
			dependencies = (
			);
			name = PitcherPlantApp;
			packageProductDependencies = (
				5FDA8BDEA269DDEDB1B90303 /* GRDB */,
				90FE11504ED417A4E3BBAA83 /* ZIPFoundation */,
				D673FE8D6282EE7380206D3C /* Sparkle */,
			);
			productName = PitcherPlantApp;
			productReference = 2092DD6866F25F2D4AA56877 /* PitcherPlantApp.app */;
			productType = "com.apple.product-type.application";
		};
		B55E3954CA24CB40B2739ECD /* PitcherPlantAppTests */ = {
			isa = PBXNativeTarget;
			buildConfigurationList = 96175B36176B612BA4636A96 /* Build configuration list for PBXNativeTarget "PitcherPlantAppTests" */;
			buildPhases = (
				72CC3AF8C078F1D4B23AF287 /* Sources */,
				1F530ADE704A835CD41D6B2B /* Resources */,
			);
			buildRules = (
			);
			dependencies = (
				D3490E02B18C0766EE91B842 /* PBXTargetDependency */,
			);
			name = PitcherPlantAppTests;
			packageProductDependencies = (
			);
			productName = PitcherPlantAppTests;
			productReference = B243A89073978EF52F2CE854 /* PitcherPlantAppTests.xctest */;
			productType = "com.apple.product-type.bundle.unit-test";
		};
/* End PBXNativeTarget section */

/* Begin PBXProject section */
		9F7EC9D04A410607754EB7F0 /* Project object */ = {
			isa = PBXProject;
			attributes = {
				BuildIndependentTargetsInParallel = YES;
				LastUpgradeCheck = 1430;
				TargetAttributes = {
					6DA4D11FDB2D50FA84192ADC = {
						ProvisioningStyle = Automatic;
					};
					B55E3954CA24CB40B2739ECD = {
						ProvisioningStyle = Automatic;
					};
				};
			};
			buildConfigurationList = 932B832D24880071CC78C5D4 /* Build configuration list for PBXProject "PitcherPlantApp" */;
			developmentRegion = en;
			hasScannedForEncodings = 0;
			knownRegions = (
				Base,
				en,
			);
			mainGroup = 0C319633D0B201FF2CEDE929;
			minimizedProjectReferenceProxies = 1;
			packageReferences = (
				D8C6A54FFAF72AC3EEE4495A /* XCRemoteSwiftPackageReference "GRDB.swift" */,
				B65806F9DA53E27369715405 /* XCRemoteSwiftPackageReference "Sparkle" */,
				CB62409842DEA46A32FDF52D /* XCRemoteSwiftPackageReference "ZIPFoundation" */,
			);
			preferredProjectObjectVersion = 77;
			productRefGroup = 93F0CB0CFBDD74AF321AE8A3 /* Products */;
			projectDirPath = "";
			projectRoot = "";
			targets = (
				6DA4D11FDB2D50FA84192ADC /* PitcherPlantApp */,
				B55E3954CA24CB40B2739ECD /* PitcherPlantAppTests */,
			);
		};
/* End PBXProject section */

/* Begin PBXResourcesBuildPhase section */
		1F530ADE704A835CD41D6B2B /* Resources */ = {
			isa = PBXResourcesBuildPhase;
			buildActionMask = 2147483647;
			files = (
				682ADA20FAF91F229D48F5F6 /* manifest.json in Resources */,
			);
			runOnlyForDeploymentPostprocessing = 0;
		};
		FA525773A1AA82BF3880A79D /* Resources */ = {
			isa = PBXResourcesBuildPhase;
			buildActionMask = 2147483647;
			files = (
				8BD430020DC85D148FE017ED /* AppIcon.icon in Resources */,
				F0B691414CEE4B6A29F91BF1 /* Assets.xcassets in Resources */,
				B265FE7BFDC6A7FD77963AF7 /* Localizable.xcstrings in Resources */,
				FBC3CEC20A53CD650365B9A5 /* manifest.json in Resources */,
			);
			runOnlyForDeploymentPostprocessing = 0;
		};
/* End PBXResourcesBuildPhase section */

/* Begin PBXSourcesBuildPhase section */
		72CC3AF8C078F1D4B23AF287 /* Sources */ = {
			isa = PBXSourcesBuildPhase;
			buildActionMask = 2147483647;
			files = (
				165BFA68924490812A106325 /* AnalyzerTests.swift in Sources */,
				883758DBCF481F3F0B506021 /* AuditAssistantServiceTests.swift in Sources */,
				98DE64515B06BE1B5C699A83 /* AuditRunnerTests.swift in Sources */,
				9950850D1592B574A5CEF5A0 /* CalibrationTests.swift in Sources */,
				2745C83C6E25BEB0F88E3D31 /* ConfigurationTests.swift in Sources */,
				00D8C65F6BC6001356A0C7D1 /* DatabaseStoreTests.swift in Sources */,
				0AD7259E9019530F1F443781 /* EvidenceReviewTableModelsTests.swift in Sources */,
				0A975239F9DE6BA8D276DCB5 /* FeatureCompletionTests.swift in Sources */,
				CA9A7DE20AA2E6520FEC30D3 /* FullCompletionTests.swift in Sources */,
				71006994939884A238594E43 /* IngestionTests.swift in Sources */,
				EB978413ACAFF19E25F60F43 /* MainWindowLayoutPolicyTests.swift in Sources */,
				90D374EE1E2E53C657D1160D /* PerformanceTests.swift in Sources */,
				AB791E8CB46CABA14F0BDF80 /* ReportTests.swift in Sources */,
				0CAD5DE16AB41D5FEC900BF6 /* TestSupport.swift in Sources */,
			);
			runOnlyForDeploymentPostprocessing = 0;
		};
		7952386BA98B3F72406649FC /* Sources */ = {
			isa = PBXSourcesBuildPhase;
			buildActionMask = 2147483647;
			files = (
				3A7C68DB36662C6B77BAAA4B /* Analyzers.swift in Sources */,
				91E3189638D8EA88F3374F2E /* AppLanguageRuntime.swift in Sources */,
				6470E071E62B237D2C06A4DA /* AppSettings.swift in Sources */,
				B6493DB2EA73BC22433270F0 /* AppState.swift in Sources */,
				ED3D885DE9359848D43F766A /* AppSurfaces.swift in Sources */,
				2BF9132252AD42859B45D948 /* AppUpdater.swift in Sources */,
				1ACF06AC04A048D82A0B30CB /* AppVersionInfo.swift in Sources */,
				3998778E910006CACEEA8015 /* AuditAssistantService.swift in Sources */,
				DE268C489FBA6E36A3939F2D /* AuditModels.swift in Sources */,
				226949DD41EEA8D356BA06BA /* AuditRunner.swift in Sources */,
				10970291DC9FC204BDC30DBB /* AuditTypes.swift in Sources */,
				FBA74A22AABB1FAACB9DD17D /* AuditUtilities.swift in Sources */,
				AE3D0720FBDD4DB7414A48BE /* CalibrationManifestLocator.swift in Sources */,
				D6A8F07ABA7DCA913AAB29A7 /* CalibrationService.swift in Sources */,
				4707954688F4D3EF639402B0 /* CrossBatchGraph.swift in Sources */,
				CDD91EEEA2866EA14573EDF1 /* DatabaseStore.swift in Sources */,
				24C50850B6CD8930366B420A /* DocumentFeatureServices.swift in Sources */,
				EBD10FD19F018821B3388B60 /* DocumentIngestionService.swift in Sources */,
				D176E1EB74E4E9B350B4B40C /* EnvironmentSupport.swift in Sources */,
				7043F8D0CD6A46C9BBA02DFC /* EvidenceModels.swift in Sources */,
				5A1BDC7815064C75F1281B3D /* EvidenceReviewTableModels.swift in Sources */,
				5D125E012649B55D4C9FF41E /* EvidenceReviewTableView.swift in Sources */,
				AB060F2E927A6B7D3EF93A98 /* FingerprintPackageService.swift in Sources */,
				99B21CBE6ADB25B1A6418BC7 /* LibraryViews.swift in Sources */,
				9AAB9C491ACC74A03100126A /* LocalizationStrings.swift in Sources */,
				9A750B986ADE1C83E367C40F /* MainWindowComponents.swift in Sources */,
				55FB9244B5B59426F4080EF9 /* MainWindowLayoutPolicy.swift in Sources */,
				CC646EB1A213156915356D50 /* MainWindowRows.swift in Sources */,
				1705B2991572DD3C65098E85 /* MainWindowSupport.swift in Sources */,
				E5E7CD8F82E84E1FA32492B7 /* MainWindowView.swift in Sources */,
				4266DF7DD0F054BE78C64008 /* NativeToolbarSupport.swift in Sources */,
				127CC905AA3111E18E295DD2 /* PitcherPlantCommands.swift in Sources */,
				22E8AEE623DBC02AA53B1D3B /* PitcherPlantDesktopApp.swift in Sources */,
				1B17F3120D231966A4CD3BB9 /* PitcherPlantMenuBarView.swift in Sources */,
				CCD5A11531FA1F623359DC55 /* ReportAssembler.swift in Sources */,
				B22A7F68CB8FDB3A33014F50 /* ReportContentViews.swift in Sources */,
				5ABE317374EE212C9D507DD2 /* ReportExporter.swift in Sources */,
				29B10A38696C22E14DFF5A2E /* ReportFiltering.swift in Sources */,
				20E832FF85AE3A044C5AD3DD /* ReportInspectorViews.swift in Sources */,
				C3466F19787FE89261DBBA0E /* ReportLibraryViews.swift in Sources */,
				39F8C94B08952D4D59F36A98 /* ReportModels.swift in Sources */,
				138BD38561399E8ADF48CA11 /* ReportsWindowView.swift in Sources */,
				F1A878A00C3BEFFEF681EEAA /* RiskScoringService.swift in Sources */,
				3C6D45C86E93BDC203DF4CFD /* SettingsFieldRows.swift in Sources */,
				00286AB6B71F4B8B4B1DF610 /* SettingsLayoutRows.swift in Sources */,
				E0968ED079E63D82CBBD2EF8 /* SettingsPathControls.swift in Sources */,
				0F406771B516A94A398EA9AA /* SettingsRootView.swift in Sources */,
				5EFE25EEC256A6780006F171 /* SettingsStyles.swift in Sources */,
				77B4149FC7503861A643DC86 /* SubmissionImportService.swift in Sources */,
				D0C6CFF3D16216B53B687BE0 /* Theme.swift in Sources */,
				56E47645240E1C3E3D032F1B /* Typography.swift in Sources */,
				A9877B41DEDB088E662693E3 /* UpdateCheckService.swift in Sources */,
				C36B9E394B99C9D4236758E7 /* WhitelistEvaluationService.swift in Sources */,
				3DC144FBB9A52B5056215045 /* WhitelistSuggestionService.swift in Sources */,
				D70398E215333FD0C9432C9F /* WorkspaceDashboardView.swift in Sources */,
			);
			runOnlyForDeploymentPostprocessing = 0;
		};
/* End PBXSourcesBuildPhase section */

/* Begin PBXTargetDependency section */
		D3490E02B18C0766EE91B842 /* PBXTargetDependency */ = {
			isa = PBXTargetDependency;
			target = 6DA4D11FDB2D50FA84192ADC /* PitcherPlantApp */;
			targetProxy = B6A7F0B0CD7844BF7ADE0231 /* PBXContainerItemProxy */;
		};
/* End PBXTargetDependency section */

/* Begin XCBuildConfiguration section */
		28D6D461B83D0E739F16663B /* Release */ = {
			isa = XCBuildConfiguration;
			buildSettings = {
				ASSETCATALOG_COMPILER_APPICON_NAME = AppIcon;
				COMBINE_HIDPI_IMAGES = YES;
				ENABLE_DEBUG_DYLIB = NO;
				ENABLE_HARDENED_RUNTIME = YES;
				GENERATE_INFOPLIST_FILE = NO;
				INFOPLIST_FILE = Resources/Info.plist;
				LD_RUNPATH_SEARCH_PATHS = (
					"$(inherited)",
					"@executable_path/../Frameworks",
				);
				MACOSX_DEPLOYMENT_TARGET = 26.0;
				PP_RELEASE_TAG = "";
				PP_UPDATE_CHECK_URL = "https://github.com/D1a0y1bb/PitcherPlant/releases/download/appcast-beta/appcast.xml";
				PRODUCT_BUNDLE_IDENTIFIER = com.pitcherplant.desktop;
				PRODUCT_MODULE_NAME = PitcherPlantApp;
				PRODUCT_NAME = PitcherPlant;
				SDKROOT = macosx;
			};
			name = Release;
		};
		3005E4C92E15F1BBA47587E0 /* Debug */ = {
			isa = XCBuildConfiguration;
			buildSettings = {
				ALWAYS_SEARCH_USER_PATHS = NO;
				CLANG_ANALYZER_NONNULL = YES;
				CLANG_ANALYZER_NUMBER_OBJECT_CONVERSION = YES_AGGRESSIVE;
				CLANG_CXX_LANGUAGE_STANDARD = "gnu++14";
				CLANG_CXX_LIBRARY = "libc++";
				CLANG_ENABLE_MODULES = YES;
				CLANG_ENABLE_OBJC_ARC = YES;
				CLANG_ENABLE_OBJC_WEAK = YES;
				CLANG_WARN_BLOCK_CAPTURE_AUTORELEASING = YES;
				CLANG_WARN_BOOL_CONVERSION = YES;
				CLANG_WARN_COMMA = YES;
				CLANG_WARN_CONSTANT_CONVERSION = YES;
				CLANG_WARN_DEPRECATED_OBJC_IMPLEMENTATIONS = YES;
				CLANG_WARN_DIRECT_OBJC_ISA_USAGE = YES_ERROR;
				CLANG_WARN_DOCUMENTATION_COMMENTS = YES;
				CLANG_WARN_EMPTY_BODY = YES;
				CLANG_WARN_ENUM_CONVERSION = YES;
				CLANG_WARN_INFINITE_RECURSION = YES;
				CLANG_WARN_INT_CONVERSION = YES;
				CLANG_WARN_NON_LITERAL_NULL_CONVERSION = YES;
				CLANG_WARN_OBJC_IMPLICIT_RETAIN_SELF = YES;
				CLANG_WARN_OBJC_LITERAL_CONVERSION = YES;
				CLANG_WARN_OBJC_ROOT_CLASS = YES_ERROR;
				CLANG_WARN_QUOTED_INCLUDE_IN_FRAMEWORK_HEADER = YES;
				CLANG_WARN_RANGE_LOOP_ANALYSIS = YES;
				CLANG_WARN_STRICT_PROTOTYPES = YES;
				CLANG_WARN_SUSPICIOUS_MOVE = YES;
				CLANG_WARN_UNGUARDED_AVAILABILITY = YES_AGGRESSIVE;
				CLANG_WARN_UNREACHABLE_CODE = YES;
				CLANG_WARN__DUPLICATE_METHOD_MATCH = YES;
				CODE_SIGN_STYLE = Automatic;
				COPY_PHASE_STRIP = NO;
				CURRENT_PROJECT_VERSION = 22;
				DEBUG_INFORMATION_FORMAT = dwarf;
				ENABLE_STRICT_OBJC_MSGSEND = YES;
				ENABLE_TESTABILITY = YES;
				GCC_C_LANGUAGE_STANDARD = gnu11;
				GCC_DYNAMIC_NO_PIC = NO;
				GCC_NO_COMMON_BLOCKS = YES;
				GCC_OPTIMIZATION_LEVEL = 0;
				GCC_PREPROCESSOR_DEFINITIONS = (
					"$(inherited)",
					"DEBUG=1",
				);
				GCC_WARN_64_TO_32_BIT_CONVERSION = YES;
				GCC_WARN_ABOUT_RETURN_TYPE = YES_ERROR;
				GCC_WARN_UNDECLARED_SELECTOR = YES;
				GCC_WARN_UNINITIALIZED_AUTOS = YES_AGGRESSIVE;
				GCC_WARN_UNUSED_FUNCTION = YES;
				GCC_WARN_UNUSED_VARIABLE = YES;
				MACOSX_DEPLOYMENT_TARGET = 26.0;
				MARKETING_VERSION = "0.1.6-beta";
				MTL_ENABLE_DEBUG_INFO = INCLUDE_SOURCE;
				MTL_FAST_MATH = YES;
				ONLY_ACTIVE_ARCH = YES;
				PRODUCT_NAME = "$(TARGET_NAME)";
				SDKROOT = macosx;
				SWIFT_ACTIVE_COMPILATION_CONDITIONS = DEBUG;
				SWIFT_OPTIMIZATION_LEVEL = "-Onone";
				SWIFT_VERSION = 6.2;
			};
			name = Debug;
		};
		4BED2603967A6100121809E9 /* Debug */ = {
			isa = XCBuildConfiguration;
			buildSettings = {
				ASSETCATALOG_COMPILER_APPICON_NAME = AppIcon;
				COMBINE_HIDPI_IMAGES = YES;
				ENABLE_DEBUG_DYLIB = NO;
				ENABLE_HARDENED_RUNTIME = YES;
				GENERATE_INFOPLIST_FILE = NO;
				INFOPLIST_FILE = Resources/Info.plist;
				LD_RUNPATH_SEARCH_PATHS = (
					"$(inherited)",
					"@executable_path/../Frameworks",
				);
				MACOSX_DEPLOYMENT_TARGET = 26.0;
				PP_RELEASE_TAG = "";
				PP_UPDATE_CHECK_URL = "https://github.com/D1a0y1bb/PitcherPlant/releases/download/appcast-beta/appcast.xml";
				PRODUCT_BUNDLE_IDENTIFIER = com.pitcherplant.desktop;
				PRODUCT_MODULE_NAME = PitcherPlantApp;
				PRODUCT_NAME = PitcherPlant;
				SDKROOT = macosx;
			};
			name = Debug;
		};
		52E67567541AB8E354B36030 /* Release */ = {
			isa = XCBuildConfiguration;
			buildSettings = {
				ALWAYS_SEARCH_USER_PATHS = NO;
				CLANG_ANALYZER_NONNULL = YES;
				CLANG_ANALYZER_NUMBER_OBJECT_CONVERSION = YES_AGGRESSIVE;
				CLANG_CXX_LANGUAGE_STANDARD = "gnu++14";
				CLANG_CXX_LIBRARY = "libc++";
				CLANG_ENABLE_MODULES = YES;
				CLANG_ENABLE_OBJC_ARC = YES;
				CLANG_ENABLE_OBJC_WEAK = YES;
				CLANG_WARN_BLOCK_CAPTURE_AUTORELEASING = YES;
				CLANG_WARN_BOOL_CONVERSION = YES;
				CLANG_WARN_COMMA = YES;
				CLANG_WARN_CONSTANT_CONVERSION = YES;
				CLANG_WARN_DEPRECATED_OBJC_IMPLEMENTATIONS = YES;
				CLANG_WARN_DIRECT_OBJC_ISA_USAGE = YES_ERROR;
				CLANG_WARN_DOCUMENTATION_COMMENTS = YES;
				CLANG_WARN_EMPTY_BODY = YES;
				CLANG_WARN_ENUM_CONVERSION = YES;
				CLANG_WARN_INFINITE_RECURSION = YES;
				CLANG_WARN_INT_CONVERSION = YES;
				CLANG_WARN_NON_LITERAL_NULL_CONVERSION = YES;
				CLANG_WARN_OBJC_IMPLICIT_RETAIN_SELF = YES;
				CLANG_WARN_OBJC_LITERAL_CONVERSION = YES;
				CLANG_WARN_OBJC_ROOT_CLASS = YES_ERROR;
				CLANG_WARN_QUOTED_INCLUDE_IN_FRAMEWORK_HEADER = YES;
				CLANG_WARN_RANGE_LOOP_ANALYSIS = YES;
				CLANG_WARN_STRICT_PROTOTYPES = YES;
				CLANG_WARN_SUSPICIOUS_MOVE = YES;
				CLANG_WARN_UNGUARDED_AVAILABILITY = YES_AGGRESSIVE;
				CLANG_WARN_UNREACHABLE_CODE = YES;
				CLANG_WARN__DUPLICATE_METHOD_MATCH = YES;
				CODE_SIGN_STYLE = Automatic;
				COPY_PHASE_STRIP = NO;
				CURRENT_PROJECT_VERSION = 22;
				DEBUG_INFORMATION_FORMAT = "dwarf-with-dsym";
				ENABLE_NS_ASSERTIONS = NO;
				ENABLE_STRICT_OBJC_MSGSEND = YES;
				GCC_C_LANGUAGE_STANDARD = gnu11;
				GCC_NO_COMMON_BLOCKS = YES;
				GCC_WARN_64_TO_32_BIT_CONVERSION = YES;
				GCC_WARN_ABOUT_RETURN_TYPE = YES_ERROR;
				GCC_WARN_UNDECLARED_SELECTOR = YES;
				GCC_WARN_UNINITIALIZED_AUTOS = YES_AGGRESSIVE;
				GCC_WARN_UNUSED_FUNCTION = YES;
				GCC_WARN_UNUSED_VARIABLE = YES;
				MACOSX_DEPLOYMENT_TARGET = 26.0;
				MARKETING_VERSION = "0.1.6-beta";
				MTL_ENABLE_DEBUG_INFO = NO;
				MTL_FAST_MATH = YES;
				PRODUCT_NAME = "$(TARGET_NAME)";
				SDKROOT = macosx;
				SWIFT_COMPILATION_MODE = wholemodule;
				SWIFT_OPTIMIZATION_LEVEL = "-O";
				SWIFT_VERSION = 6.2;
			};
			name = Release;
		};
		835806EFA526ED25191A3D72 /* Debug */ = {
			isa = XCBuildConfiguration;
			buildSettings = {
				BUNDLE_LOADER = "$(TEST_HOST)";
				COMBINE_HIDPI_IMAGES = YES;
				GENERATE_INFOPLIST_FILE = YES;
				LD_RUNPATH_SEARCH_PATHS = (
					"$(inherited)",
					"@executable_path/../Frameworks",
					"@loader_path/../Frameworks",
				);
				MACOSX_DEPLOYMENT_TARGET = 26.0;
				PRODUCT_BUNDLE_IDENTIFIER = com.pitcherplant.desktop.tests;
				SDKROOT = macosx;
				TEST_HOST = "$(BUILT_PRODUCTS_DIR)/PitcherPlant.app/Contents/MacOS/PitcherPlant";
			};
			name = Debug;
		};
		A5DC0E721A3D370E39997BFC /* Release */ = {
			isa = XCBuildConfiguration;
			buildSettings = {
				BUNDLE_LOADER = "$(TEST_HOST)";
				COMBINE_HIDPI_IMAGES = YES;
				GENERATE_INFOPLIST_FILE = YES;
				LD_RUNPATH_SEARCH_PATHS = (
					"$(inherited)",
					"@executable_path/../Frameworks",
					"@loader_path/../Frameworks",
				);
				MACOSX_DEPLOYMENT_TARGET = 26.0;
				PRODUCT_BUNDLE_IDENTIFIER = com.pitcherplant.desktop.tests;
				SDKROOT = macosx;
				TEST_HOST = "$(BUILT_PRODUCTS_DIR)/PitcherPlant.app/Contents/MacOS/PitcherPlant";
			};
			name = Release;
		};
/* End XCBuildConfiguration section */

/* Begin XCConfigurationList section */
		932B832D24880071CC78C5D4 /* Build configuration list for PBXProject "PitcherPlantApp" */ = {
			isa = XCConfigurationList;
			buildConfigurations = (
				3005E4C92E15F1BBA47587E0 /* Debug */,
				52E67567541AB8E354B36030 /* Release */,
			);
			defaultConfigurationIsVisible = 0;
			defaultConfigurationName = Debug;
		};
		96175B36176B612BA4636A96 /* Build configuration list for PBXNativeTarget "PitcherPlantAppTests" */ = {
			isa = XCConfigurationList;
			buildConfigurations = (
				835806EFA526ED25191A3D72 /* Debug */,
				A5DC0E721A3D370E39997BFC /* Release */,
			);
			defaultConfigurationIsVisible = 0;
			defaultConfigurationName = Debug;
		};
		AC1F34028E3E390EBEE515EC /* Build configuration list for PBXNativeTarget "PitcherPlantApp" */ = {
			isa = XCConfigurationList;
			buildConfigurations = (
				4BED2603967A6100121809E9 /* Debug */,
				28D6D461B83D0E739F16663B /* Release */,
			);
			defaultConfigurationIsVisible = 0;
			defaultConfigurationName = Debug;
		};
/* End XCConfigurationList section */

/* Begin XCRemoteSwiftPackageReference section */
		B65806F9DA53E27369715405 /* XCRemoteSwiftPackageReference "Sparkle" */ = {
			isa = XCRemoteSwiftPackageReference;
			repositoryURL = "https://github.com/sparkle-project/Sparkle";
			requirement = {
				kind = upToNextMajorVersion;
				minimumVersion = 2.9.1;
			};
		};
		CB62409842DEA46A32FDF52D /* XCRemoteSwiftPackageReference "ZIPFoundation" */ = {
			isa = XCRemoteSwiftPackageReference;
			repositoryURL = "https://github.com/weichsel/ZIPFoundation";
			requirement = {
				kind = upToNextMajorVersion;
				minimumVersion = 0.9.19;
			};
		};
		D8C6A54FFAF72AC3EEE4495A /* XCRemoteSwiftPackageReference "GRDB.swift" */ = {
			isa = XCRemoteSwiftPackageReference;
			repositoryURL = "https://github.com/groue/GRDB.swift";
			requirement = {
				kind = upToNextMajorVersion;
				minimumVersion = 7.0.0;
			};
		};
/* End XCRemoteSwiftPackageReference section */

/* Begin XCSwiftPackageProductDependency section */
		5FDA8BDEA269DDEDB1B90303 /* GRDB */ = {
			isa = XCSwiftPackageProductDependency;
			package = D8C6A54FFAF72AC3EEE4495A /* XCRemoteSwiftPackageReference "GRDB.swift" */;
			productName = GRDB;
		};
		90FE11504ED417A4E3BBAA83 /* ZIPFoundation */ = {
			isa = XCSwiftPackageProductDependency;
			package = CB62409842DEA46A32FDF52D /* XCRemoteSwiftPackageReference "ZIPFoundation" */;
			productName = ZIPFoundation;
		};
		D673FE8D6282EE7380206D3C /* Sparkle */ = {
			isa = XCSwiftPackageProductDependency;
			package = B65806F9DA53E27369715405 /* XCRemoteSwiftPackageReference "Sparkle" */;
			productName = Sparkle;
		};
/* End XCSwiftPackageProductDependency section */
	};
	rootObject = 9F7EC9D04A410607754EB7F0 /* Project object */;
}
